
Microsoft Visual Studio Solution File, Format Version 12.00
# Visual Studio Version 17
VisualStudioVersion = 17.0.31903.59
MinimumVisualStudioVersion = 10.0.40219.1
Project("{FAE04EC0-301F-11D3-BF4B-00C04F79EFBC}") = "WebApp", "WebApp\WebApp.csproj", "{51E2D526-B371-45AA-90FB-8164F00A23AD}"
EndProject
Project("{FAE04EC0-301F-11D3-BF4B-00C04F79EFBC}") = "Domain", "Domain\Domain.csproj", "{79436ABD-1C73-4994-981D-E356DC4C8BD1}"
EndProject
Project("{FAE04EC0-301F-11D3-BF4B-00C04F79EFBC}") = "Infrastructure", "Infrastructure\Infrastructure.csproj", "{99B0D79C-7F52-4AF7-A10A-D4E70C4DF910}"
EndProject
Global
	GlobalSection(SolutionConfigurationPlatforms) = preSolution
		Debug|Any CPU = Debug|Any CPU
		Release|Any CPU = Release|Any CPU
	EndGlobalSection
	GlobalSection(SolutionProperties) = preSolution
		HideSolutionNode = FALSE
	EndGlobalSection
	GlobalSection(ProjectConfigurationPlatforms) = postSolution
		{51E2D526-B371-45AA-90FB-8164F00A23AD}.Debug|Any CPU.ActiveCfg = Debug|Any CPU
		{51E2D526-B371-45AA-90FB-8164F00A23AD}.Debug|Any CPU.Build.0 = Debug|Any CPU
		{51E2D526-B371-45AA-90FB-8164F00A23AD}.Release|Any CPU.ActiveCfg = Release|Any CPU
		{51E2D526-B371-45AA-90FB-8164F00A23AD}.Release|Any CPU.Build.0 = Release|Any CPU
		{79436ABD-1C73-4994-981D-E356DC4C8BD1}.Debug|Any CPU.ActiveCfg = Debug|Any CPU
		{79436ABD-1C73-4994-981D-E356DC4C8BD1}.Debug|Any CPU.Build.0 = Debug|Any CPU
		{79436ABD-1C73-4994-981D-E356DC4C8BD1}.Release|Any CPU.ActiveCfg = Release|Any CPU
		{79436ABD-1C73-4994-981D-E356DC4C8BD1}.Release|Any CPU.Build.0 = Release|Any CPU
		{99B0D79C-7F52-4AF7-A10A-D4E70C4DF910}.Debug|Any CPU.ActiveCfg = Debug|Any CPU
		{99B0D79C-7F52-4AF7-A10A-D4E70C4DF910}.Debug|Any CPU.Build.0 = Debug|Any CPU
		{99B0D79C-7F52-4AF7-A10A-D4E70C4DF910}.Release|Any CPU.ActiveCfg = Release|Any CPU
		{99B0D79C-7F52-4AF7-A10A-D4E70C4DF910}.Release|Any CPU.Build.0 = Release|Any CPU
	EndGlobalSection
EndGlobal
